
Microsoft Visual Studio Solution File, Format Version 12.00
Project("{FAE04EC0-301F-11D3-BF4B-00C04F79EFBC}") = "FizzBuzz", "FizzBuzz\FizzBuzz.csproj", "{DDA9C72E-6222-4F53-A5D3-EB678648DFF9}"
EndProject
Global
	GlobalSection(SolutionConfigurationPlatforms) = preSolution
		Debug|Any CPU = Debug|Any CPU
		Release|Any CPU = Release|Any CPU
	EndGlobalSection
	GlobalSection(ProjectConfigurationPlatforms) = postSolution
		{DDA9C72E-6222-4F53-A5D3-EB678648DFF9}.Debug|Any CPU.ActiveCfg = Debug|Any CPU
		{DDA9C72E-6222-4F53-A5D3-EB678648DFF9}.Debug|Any CPU.Build.0 = Debug|Any CPU
		{DDA9C72E-6222-4F53-A5D3-EB678648DFF9}.Release|Any CPU.ActiveCfg = Release|Any CPU
		{DDA9C72E-6222-4F53-A5D3-EB678648DFF9}.Release|Any CPU.Build.0 = Release|Any CPU
	EndGlobalSection
EndGlobal
